{
    "requires": true,
    "lockfileVersion": 1,
    "dependencies": {
        "@fortawesome/fontawesome-free": {
            "version": "5.13.0",
            "resolved": "https://registry.npmjs.org/@fortawesome/fontawesome-free/-/fontawesome-free-5.13.0.tgz",
            "integrity": "sha512-xKOeQEl5O47GPZYIMToj6uuA2syyFlq9EMSl2ui0uytjY9xbe8XS0pexNWmxrdcCyNGyDmLyYw5FtKsalBUeOg=="
        },
        "sweetalert2": {
            "version": "9.10.9",
            "resolved": "https://registry.npmjs.org/sweetalert2/-/sweetalert2-9.10.9.tgz",
            "integrity": "sha512-EvCwcS9omZHhxp8XXiWwPMGq2ywGcU0VXeBr3DCibUMmfRkh8f8SxBWFSKMtw57HnK0tKYDhyhQV/vFERtRciQ=="
        }
    }
}
